speakeasyVersion: 1.631.5
sources:
    Dwolla API:
        sourceNamespace: dwolla-api
        sourceRevisionDigest: sha256:3c49eaf3c3b596c5a1fd0b736db93e8f48ea497f64e8612705bdd59d72686f3f
        sourceBlobDigest: sha256:7ea9757e62c8d806b8835ecb3b77922fa2f56b1b779e58daa8ceb4d46e8c0760
        tags:
            - latest
            - speakeasy-sdk-regen-1759191695
            - "2.0"
targets:
    dwolla:
        source: Dwolla API
        sourceNamespace: dwolla-api
        sourceRevisionDigest: sha256:3c49eaf3c3b596c5a1fd0b736db93e8f48ea497f64e8612705bdd59d72686f3f
        sourceBlobDigest: sha256:7ea9757e62c8d806b8835ecb3b77922fa2f56b1b779e58daa8ceb4d46e8c0760
        codeSamplesNamespace: dwolla-api-typescript-code-samples
        codeSamplesRevisionDigest: sha256:4fdaf41a3b175bb5dffa6dcc1d6662f5f5163b942c408c95ce71c1ad703dcbd2
workflow:
    workflowVersion: 1.0.0
    speakeasyVersion: latest
    sources:
        Dwolla API:
            inputs:
                - location: https://raw.githubusercontent.com/Dwolla/dwolla-openapi/refs/heads/main/openapi.yml
            overlays:
                - location: ./.speakeasy/overlay.yaml
            output: ./generated/openapi.yaml
            registry:
                location: registry.speakeasyapi.dev/dwolla/dwolla/dwolla-api
    targets:
        dwolla:
            target: typescript
            source: Dwolla API
            publish:
                npm:
                    token: $npm_token
            codeSamples:
                registry:
                    location: registry.speakeasyapi.dev/dwolla/dwolla/dwolla-api-typescript-code-samples
                labelOverride:
                    fixedValue: Typescript (SDK)
                blocking: false
