speakeasyVersion: 1.675.4
sources:
    Dwolla API:
        sourceNamespace: dwolla-api
        sourceRevisionDigest: sha256:6662bae467d85f5c452d66fa9e352c57342755ad8c926a376d1810c16602a827
        sourceBlobDigest: sha256:77f9e81739dc462184381927f99952f35c42bb13d9d64aa783bae555a9725329
        tags:
            - latest
            - "2.0"
targets:
    dwolla:
        source: Dwolla API
        sourceNamespace: dwolla-api
        sourceRevisionDigest: sha256:6662bae467d85f5c452d66fa9e352c57342755ad8c926a376d1810c16602a827
        sourceBlobDigest: sha256:77f9e81739dc462184381927f99952f35c42bb13d9d64aa783bae555a9725329
        codeSamplesNamespace: dwolla-api-typescript-code-samples
        codeSamplesRevisionDigest: sha256:9b44c444bc5c3495acd0e5e108cfbd1bbf6ea911e80277d070c342b7b24a4041
workflow:
    workflowVersion: 1.0.0
    speakeasyVersion: latest
    sources:
        Dwolla API:
            inputs:
                - location: https://raw.githubusercontent.com/Dwolla/dwolla-openapi/refs/heads/main/openapi.yml
            overlays:
                - location: ./.speakeasy/overlay.yaml
            output: ./generated/openapi.yaml
            registry:
                location: registry.speakeasyapi.dev/dwolla/dwolla/dwolla-api
    targets:
        dwolla:
            target: typescript
            source: Dwolla API
            publish:
                npm:
                    token: $npm_token
            codeSamples:
                registry:
                    location: registry.speakeasyapi.dev/dwolla/dwolla/dwolla-api-typescript-code-samples
                labelOverride:
                    fixedValue: Typescript (SDK)
                blocking: false
            testing:
                enabled: false
