speakeasyVersion: 1.564.0
sources:
    Dwolla API:
        sourceNamespace: dwolla-api
        sourceRevisionDigest: sha256:a55c99a0eb5ce240669be498ce7f4cad2a9f9ee9031f6eba4d9c8f3c4f852f4d
        sourceBlobDigest: sha256:7981e92d0c9bd2d2da3c6f8e6211d3d34d602a3066ad81589e7c0b977035febd
        tags:
            - latest
            - "2.0"
targets:
    dwolla:
        source: Dwolla API
        sourceNamespace: dwolla-api
        sourceRevisionDigest: sha256:a55c99a0eb5ce240669be498ce7f4cad2a9f9ee9031f6eba4d9c8f3c4f852f4d
        sourceBlobDigest: sha256:7981e92d0c9bd2d2da3c6f8e6211d3d34d602a3066ad81589e7c0b977035febd
        codeSamplesNamespace: dwolla-api-typescript-code-samples
        codeSamplesRevisionDigest: sha256:9c3dfa10c079a3b7b20b3205d313ebe1f9c6f33be8a459aa9cff522b62b90843
workflow:
    workflowVersion: 1.0.0
    speakeasyVersion: latest
    sources:
        Dwolla API:
            inputs:
                - location: https://raw.githubusercontent.com/Dwolla/dwolla-openapi/refs/heads/main/openapi.yml
            registry:
                location: registry.speakeasyapi.dev/dwolla-vc3/dwolla/dwolla-api
    targets:
        dwolla:
            target: typescript
            source: Dwolla API
            codeSamples:
                registry:
                    location: registry.speakeasyapi.dev/dwolla-vc3/dwolla/dwolla-api-typescript-code-samples
                labelOverride:
                    fixedValue: Typescript (SDK)
                blocking: false
